
Microsoft Visual Studio Solution File, Format Version 12.00
Project("{2150E333-8FDC-42A3-9474-1A3956D46DE8}") = "Mediators", "Mediators", "{F0EC12B0-9517-4C34-85F5-A1690DB90F61}"
EndProject
Project("{2150E333-8FDC-42A3-9474-1A3956D46DE8}") = "Application", "Application", "{00A52103-EB9D-4BC1-AB8D-9B80AE3D4F6B}"
EndProject
Project("{2150E333-8FDC-42A3-9474-1A3956D46DE8}") = "Core", "Core", "{EA03B6B8-9DDD-4038-A379-AB45EC57F122}"
EndProject
Project("{FAE04EC0-301F-11D3-BF4B-00C04F79EFBC}") = "CQRSAnalysis.API", "Application\CQRSAnalysis.API\CQRSAnalysis.API.csproj", "{41D83A45-1DE5-4DA4-B122-5DF49FE428CD}"
EndProject
Project("{FAE04EC0-301F-11D3-BF4B-00C04F79EFBC}") = "CQRSAnalysis.Domain", "Core\CQRSAnalysis.Domain\CQRSAnalysis.Domain.csproj", "{9A04A5B9-663D-40D7-ABA9-3B44AAFEABA8}"
EndProject
Project("{FAE04EC0-301F-11D3-BF4B-00C04F79EFBC}") = "CQRSAnalysis.Services", "Core\CQRSAnalysis.Services\CQRSAnalysis.Services.csproj", "{070D51D3-2C9F-4B78-94BE-C0237BB3F070}"
EndProject
Project("{FAE04EC0-301F-11D3-BF4B-00C04F79EFBC}") = "CQRSAnalysis.BrighterDarker", "Mediators\CQRSAnalysis.BrighterDarker\CQRSAnalysis.BrighterDarker.csproj", "{15267E6A-5DAC-4490-BDF1-393D8BD5FCE2}"
EndProject
Project("{FAE04EC0-301F-11D3-BF4B-00C04F79EFBC}") = "CQRSAnalysis.CQRSlite", "Mediators\CQRSAnalysis.CQRSlite\CQRSAnalysis.CQRSlite.csproj", "{540F23A7-1DA6-4A10-95A4-19E4445EE5D9}"
EndProject
Project("{FAE04EC0-301F-11D3-BF4B-00C04F79EFBC}") = "CQRSAnalysis.MassTransit", "Mediators\CQRSAnalysis.MassTransit\CQRSAnalysis.MassTransit.csproj", "{0A1B402B-FCA9-446D-A547-D9431F8125BF}"
EndProject
Project("{FAE04EC0-301F-11D3-BF4B-00C04F79EFBC}") = "CQRSAnalysis.MediatR", "Mediators\CQRSAnalysis.MediatR\CQRSAnalysis.MediatR.csproj", "{C5C2CDCF-8C54-4F51-9397-82F6151B39B1}"
EndProject
Project("{FAE04EC0-301F-11D3-BF4B-00C04F79EFBC}") = "CQRSAnalysis.Wolverine", "Mediators\CQRSAnalysis.Wolverine\CQRSAnalysis.Wolverine.csproj", "{A708F072-2BB3-44D6-97B4-5E72FD094F09}"
EndProject
Global
	GlobalSection(SolutionConfigurationPlatforms) = preSolution
		Debug|Any CPU = Debug|Any CPU
		Release|Any CPU = Release|Any CPU
	EndGlobalSection
	GlobalSection(ProjectConfigurationPlatforms) = postSolution
		{41D83A45-1DE5-4DA4-B122-5DF49FE428CD}.Debug|Any CPU.ActiveCfg = Debug|Any CPU
		{41D83A45-1DE5-4DA4-B122-5DF49FE428CD}.Debug|Any CPU.Build.0 = Debug|Any CPU
		{41D83A45-1DE5-4DA4-B122-5DF49FE428CD}.Release|Any CPU.ActiveCfg = Release|Any CPU
		{41D83A45-1DE5-4DA4-B122-5DF49FE428CD}.Release|Any CPU.Build.0 = Release|Any CPU
		{9A04A5B9-663D-40D7-ABA9-3B44AAFEABA8}.Debug|Any CPU.ActiveCfg = Debug|Any CPU
		{9A04A5B9-663D-40D7-ABA9-3B44AAFEABA8}.Debug|Any CPU.Build.0 = Debug|Any CPU
		{9A04A5B9-663D-40D7-ABA9-3B44AAFEABA8}.Release|Any CPU.ActiveCfg = Release|Any CPU
		{9A04A5B9-663D-40D7-ABA9-3B44AAFEABA8}.Release|Any CPU.Build.0 = Release|Any CPU
		{070D51D3-2C9F-4B78-94BE-C0237BB3F070}.Debug|Any CPU.ActiveCfg = Debug|Any CPU
		{070D51D3-2C9F-4B78-94BE-C0237BB3F070}.Debug|Any CPU.Build.0 = Debug|Any CPU
		{070D51D3-2C9F-4B78-94BE-C0237BB3F070}.Release|Any CPU.ActiveCfg = Release|Any CPU
		{070D51D3-2C9F-4B78-94BE-C0237BB3F070}.Release|Any CPU.Build.0 = Release|Any CPU
		{15267E6A-5DAC-4490-BDF1-393D8BD5FCE2}.Debug|Any CPU.ActiveCfg = Debug|Any CPU
		{15267E6A-5DAC-4490-BDF1-393D8BD5FCE2}.Debug|Any CPU.Build.0 = Debug|Any CPU
		{15267E6A-5DAC-4490-BDF1-393D8BD5FCE2}.Release|Any CPU.ActiveCfg = Release|Any CPU
		{15267E6A-5DAC-4490-BDF1-393D8BD5FCE2}.Release|Any CPU.Build.0 = Release|Any CPU
		{540F23A7-1DA6-4A10-95A4-19E4445EE5D9}.Debug|Any CPU.ActiveCfg = Debug|Any CPU
		{540F23A7-1DA6-4A10-95A4-19E4445EE5D9}.Debug|Any CPU.Build.0 = Debug|Any CPU
		{540F23A7-1DA6-4A10-95A4-19E4445EE5D9}.Release|Any CPU.ActiveCfg = Release|Any CPU
		{540F23A7-1DA6-4A10-95A4-19E4445EE5D9}.Release|Any CPU.Build.0 = Release|Any CPU
		{0A1B402B-FCA9-446D-A547-D9431F8125BF}.Debug|Any CPU.ActiveCfg = Debug|Any CPU
		{0A1B402B-FCA9-446D-A547-D9431F8125BF}.Debug|Any CPU.Build.0 = Debug|Any CPU
		{0A1B402B-FCA9-446D-A547-D9431F8125BF}.Release|Any CPU.ActiveCfg = Release|Any CPU
		{0A1B402B-FCA9-446D-A547-D9431F8125BF}.Release|Any CPU.Build.0 = Release|Any CPU
		{C5C2CDCF-8C54-4F51-9397-82F6151B39B1}.Debug|Any CPU.ActiveCfg = Debug|Any CPU
		{C5C2CDCF-8C54-4F51-9397-82F6151B39B1}.Debug|Any CPU.Build.0 = Debug|Any CPU
		{C5C2CDCF-8C54-4F51-9397-82F6151B39B1}.Release|Any CPU.ActiveCfg = Release|Any CPU
		{C5C2CDCF-8C54-4F51-9397-82F6151B39B1}.Release|Any CPU.Build.0 = Release|Any CPU
		{A708F072-2BB3-44D6-97B4-5E72FD094F09}.Debug|Any CPU.ActiveCfg = Debug|Any CPU
		{A708F072-2BB3-44D6-97B4-5E72FD094F09}.Debug|Any CPU.Build.0 = Debug|Any CPU
		{A708F072-2BB3-44D6-97B4-5E72FD094F09}.Release|Any CPU.ActiveCfg = Release|Any CPU
		{A708F072-2BB3-44D6-97B4-5E72FD094F09}.Release|Any CPU.Build.0 = Release|Any CPU
	EndGlobalSection
	GlobalSection(NestedProjects) = preSolution
		{41D83A45-1DE5-4DA4-B122-5DF49FE428CD} = {00A52103-EB9D-4BC1-AB8D-9B80AE3D4F6B}
		{9A04A5B9-663D-40D7-ABA9-3B44AAFEABA8} = {EA03B6B8-9DDD-4038-A379-AB45EC57F122}
		{070D51D3-2C9F-4B78-94BE-C0237BB3F070} = {EA03B6B8-9DDD-4038-A379-AB45EC57F122}
		{15267E6A-5DAC-4490-BDF1-393D8BD5FCE2} = {F0EC12B0-9517-4C34-85F5-A1690DB90F61}
		{540F23A7-1DA6-4A10-95A4-19E4445EE5D9} = {F0EC12B0-9517-4C34-85F5-A1690DB90F61}
		{0A1B402B-FCA9-446D-A547-D9431F8125BF} = {F0EC12B0-9517-4C34-85F5-A1690DB90F61}
		{C5C2CDCF-8C54-4F51-9397-82F6151B39B1} = {F0EC12B0-9517-4C34-85F5-A1690DB90F61}
		{A708F072-2BB3-44D6-97B4-5E72FD094F09} = {F0EC12B0-9517-4C34-85F5-A1690DB90F61}
	EndGlobalSection
EndGlobal
